
Microsoft Visual Studio Solution File, Format Version 12.00
# Visual Studio Version 16
VisualStudioVersion = 16.0.31105.61
MinimumVisualStudioVersion = 10.0.40219.1
Project("{FAE04EC0-301F-11D3-BF4B-00C04F79EFBC}") = "eShopSolution.WebApp", "eShopSolution.WebApp\eShopSolution.WebApp.csproj", "{94B55E98-9C51-4B2C-BBAE-38FC86D58D9C}"
EndProject
Global
	GlobalSection(SolutionConfigurationPlatforms) = preSolution
		Debug|Any CPU = Debug|Any CPU
		Release|Any CPU = Release|Any CPU
	EndGlobalSection
	GlobalSection(ProjectConfigurationPlatforms) = postSolution
		{94B55E98-9C51-4B2C-BBAE-38FC86D58D9C}.Debug|Any CPU.ActiveCfg = Debug|Any CPU
		{94B55E98-9C51-4B2C-BBAE-38FC86D58D9C}.Debug|Any CPU.Build.0 = Debug|Any CPU
		{94B55E98-9C51-4B2C-BBAE-38FC86D58D9C}.Release|Any CPU.ActiveCfg = Release|Any CPU
		{94B55E98-9C51-4B2C-BBAE-38FC86D58D9C}.Release|Any CPU.Build.0 = Release|Any CPU
	EndGlobalSection
	GlobalSection(SolutionProperties) = preSolution
		HideSolutionNode = FALSE
	EndGlobalSection
	GlobalSection(ExtensibilityGlobals) = postSolution
		SolutionGuid = {204EFFC6-1B46-42CE-BC06-2E7A6C7D4183}
	EndGlobalSection
EndGlobal
