
Microsoft Visual Studio Solution File, Format Version 12.00
# Visual Studio Version 16
VisualStudioVersion = 16.0.31105.61
MinimumVisualStudioVersion = 10.0.40219.1
Project("{9A19103F-16F7-4668-BE54-9A1E7A4F7556}") = "eShopSolution.WebApp", "eShopSolution.WebApp\eShopSolution.WebApp.csproj", "{94B55E98-9C51-4B2C-BBAE-38FC86D58D9C}"
EndProject
Project("{2150E333-8FDC-42A3-9474-1A3956D46DE8}") = "0.Solution Items", "0.Solution Items", "{02D48270-E3F1-47FD-A260-86B107F3E329}"
	ProjectSection(SolutionItems) = preProject
		README.md = README.md
	EndProjectSection
EndProject
Project("{9A19103F-16F7-4668-BE54-9A1E7A4F7556}") = "eShopSolution.Data", "eShopSolution.Data\eShopSolution.Data.csproj", "{DED7E76D-14A9-490F-B86C-1582944FDC8B}"
EndProject
Project("{9A19103F-16F7-4668-BE54-9A1E7A4F7556}") = "eShopSolution.Application", "eShopSolution.Application\eShopSolution.Application.csproj", "{00DCA92A-DB16-41A9-85D9-422BBD4D4802}"
EndProject
Project("{9A19103F-16F7-4668-BE54-9A1E7A4F7556}") = "eShopSolution.Utilities", "eShopSolution.Utilities\eShopSolution.Utilities.csproj", "{014A7F63-1769-4403-8243-CD5909E19B0B}"
EndProject
Project("{9A19103F-16F7-4668-BE54-9A1E7A4F7556}") = "eShopSolution.ViewModels", "eShopSolution.ViewModels\eShopSolution.ViewModels.csproj", "{4A3186BF-7CB6-4324-9A63-BFADC8132341}"
EndProject
Project("{9A19103F-16F7-4668-BE54-9A1E7A4F7556}") = "EShopSolution.BackendApi", "EShopSolution.BackendApi\EShopSolution.BackendApi.csproj", "{2EDC4AC3-AAA0-437A-8D32-175D86921841}"
EndProject
Project("{2150E333-8FDC-42A3-9474-1A3956D46DE8}") = "1.Infrastructure", "1.Infrastructure", "{9437A82D-48CC-4D74-B091-D162312C44A9}"
EndProject
Project("{2150E333-8FDC-42A3-9474-1A3956D46DE8}") = "2.Domain", "2.Domain", "{C5427879-85FD-49E1-A4DF-688C7EA4B73A}"
EndProject
Project("{2150E333-8FDC-42A3-9474-1A3956D46DE8}") = "3.Hots", "3.Hots", "{5E79682A-A64F-424A-AF05-9EB598583672}"
EndProject
Project("{9A19103F-16F7-4668-BE54-9A1E7A4F7556}") = "eShopSolution.AdminApp", "eShopSolution.AdminApp\eShopSolution.AdminApp.csproj", "{EB7EC8C7-6EC2-448E-B4FF-3AC14BE3649C}"
EndProject
Project("{9A19103F-16F7-4668-BE54-9A1E7A4F7556}") = "Sea", "Sea\Sea.csproj", "{46A69200-CA25-4E15-B972-0969B35D40C3}"
EndProject
Project("{9A19103F-16F7-4668-BE54-9A1E7A4F7556}") = "eShopSolution.ApiIntegration", "eShopSolution.ApiIntegration\eShopSolution.ApiIntegration.csproj", "{56AC800E-A787-45BB-A139-8812495A5C91}"
EndProject
Global
	GlobalSection(SolutionConfigurationPlatforms) = preSolution
		Debug|Any CPU = Debug|Any CPU
		Release|Any CPU = Release|Any CPU
	EndGlobalSection
	GlobalSection(ProjectConfigurationPlatforms) = postSolution
		{94B55E98-9C51-4B2C-BBAE-38FC86D58D9C}.Debug|Any CPU.ActiveCfg = Debug|Any CPU
		{94B55E98-9C51-4B2C-BBAE-38FC86D58D9C}.Debug|Any CPU.Build.0 = Debug|Any CPU
		{94B55E98-9C51-4B2C-BBAE-38FC86D58D9C}.Release|Any CPU.ActiveCfg = Release|Any CPU
		{94B55E98-9C51-4B2C-BBAE-38FC86D58D9C}.Release|Any CPU.Build.0 = Release|Any CPU
		{DED7E76D-14A9-490F-B86C-1582944FDC8B}.Debug|Any CPU.ActiveCfg = Debug|Any CPU
		{DED7E76D-14A9-490F-B86C-1582944FDC8B}.Debug|Any CPU.Build.0 = Debug|Any CPU
		{DED7E76D-14A9-490F-B86C-1582944FDC8B}.Release|Any CPU.ActiveCfg = Release|Any CPU
		{DED7E76D-14A9-490F-B86C-1582944FDC8B}.Release|Any CPU.Build.0 = Release|Any CPU
		{00DCA92A-DB16-41A9-85D9-422BBD4D4802}.Debug|Any CPU.ActiveCfg = Debug|Any CPU
		{00DCA92A-DB16-41A9-85D9-422BBD4D4802}.Debug|Any CPU.Build.0 = Debug|Any CPU
		{00DCA92A-DB16-41A9-85D9-422BBD4D4802}.Release|Any CPU.ActiveCfg = Release|Any CPU
		{00DCA92A-DB16-41A9-85D9-422BBD4D4802}.Release|Any CPU.Build.0 = Release|Any CPU
		{014A7F63-1769-4403-8243-CD5909E19B0B}.Debug|Any CPU.ActiveCfg = Debug|Any CPU
		{014A7F63-1769-4403-8243-CD5909E19B0B}.Debug|Any CPU.Build.0 = Debug|Any CPU
		{014A7F63-1769-4403-8243-CD5909E19B0B}.Release|Any CPU.ActiveCfg = Release|Any CPU
		{014A7F63-1769-4403-8243-CD5909E19B0B}.Release|Any CPU.Build.0 = Release|Any CPU
		{4A3186BF-7CB6-4324-9A63-BFADC8132341}.Debug|Any CPU.ActiveCfg = Debug|Any CPU
		{4A3186BF-7CB6-4324-9A63-BFADC8132341}.Debug|Any CPU.Build.0 = Debug|Any CPU
		{4A3186BF-7CB6-4324-9A63-BFADC8132341}.Release|Any CPU.ActiveCfg = Release|Any CPU
		{4A3186BF-7CB6-4324-9A63-BFADC8132341}.Release|Any CPU.Build.0 = Release|Any CPU
		{2EDC4AC3-AAA0-437A-8D32-175D86921841}.Debug|Any CPU.ActiveCfg = Debug|Any CPU
		{2EDC4AC3-AAA0-437A-8D32-175D86921841}.Debug|Any CPU.Build.0 = Debug|Any CPU
		{2EDC4AC3-AAA0-437A-8D32-175D86921841}.Release|Any CPU.ActiveCfg = Release|Any CPU
		{2EDC4AC3-AAA0-437A-8D32-175D86921841}.Release|Any CPU.Build.0 = Release|Any CPU
		{EB7EC8C7-6EC2-448E-B4FF-3AC14BE3649C}.Debug|Any CPU.ActiveCfg = Debug|Any CPU
		{EB7EC8C7-6EC2-448E-B4FF-3AC14BE3649C}.Debug|Any CPU.Build.0 = Debug|Any CPU
		{EB7EC8C7-6EC2-448E-B4FF-3AC14BE3649C}.Release|Any CPU.ActiveCfg = Release|Any CPU
		{EB7EC8C7-6EC2-448E-B4FF-3AC14BE3649C}.Release|Any CPU.Build.0 = Release|Any CPU
		{46A69200-CA25-4E15-B972-0969B35D40C3}.Debug|Any CPU.ActiveCfg = Debug|Any CPU
		{46A69200-CA25-4E15-B972-0969B35D40C3}.Debug|Any CPU.Build.0 = Debug|Any CPU
		{46A69200-CA25-4E15-B972-0969B35D40C3}.Release|Any CPU.ActiveCfg = Release|Any CPU
		{46A69200-CA25-4E15-B972-0969B35D40C3}.Release|Any CPU.Build.0 = Release|Any CPU
		{56AC800E-A787-45BB-A139-8812495A5C91}.Debug|Any CPU.ActiveCfg = Debug|Any CPU
		{56AC800E-A787-45BB-A139-8812495A5C91}.Debug|Any CPU.Build.0 = Debug|Any CPU
		{56AC800E-A787-45BB-A139-8812495A5C91}.Release|Any CPU.ActiveCfg = Release|Any CPU
		{56AC800E-A787-45BB-A139-8812495A5C91}.Release|Any CPU.Build.0 = Release|Any CPU
	EndGlobalSection
	GlobalSection(SolutionProperties) = preSolution
		HideSolutionNode = FALSE
	EndGlobalSection
	GlobalSection(NestedProjects) = preSolution
		{94B55E98-9C51-4B2C-BBAE-38FC86D58D9C} = {5E79682A-A64F-424A-AF05-9EB598583672}
		{DED7E76D-14A9-490F-B86C-1582944FDC8B} = {C5427879-85FD-49E1-A4DF-688C7EA4B73A}
		{00DCA92A-DB16-41A9-85D9-422BBD4D4802} = {C5427879-85FD-49E1-A4DF-688C7EA4B73A}
		{014A7F63-1769-4403-8243-CD5909E19B0B} = {9437A82D-48CC-4D74-B091-D162312C44A9}
		{4A3186BF-7CB6-4324-9A63-BFADC8132341} = {9437A82D-48CC-4D74-B091-D162312C44A9}
		{2EDC4AC3-AAA0-437A-8D32-175D86921841} = {5E79682A-A64F-424A-AF05-9EB598583672}
		{EB7EC8C7-6EC2-448E-B4FF-3AC14BE3649C} = {5E79682A-A64F-424A-AF05-9EB598583672}
		{46A69200-CA25-4E15-B972-0969B35D40C3} = {5E79682A-A64F-424A-AF05-9EB598583672}
		{56AC800E-A787-45BB-A139-8812495A5C91} = {5E79682A-A64F-424A-AF05-9EB598583672}
	EndGlobalSection
	GlobalSection(ExtensibilityGlobals) = postSolution
		SolutionGuid = {204EFFC6-1B46-42CE-BC06-2E7A6C7D4183}
	EndGlobalSection
EndGlobal
